github.com/yoanm/go-deps-diff v0.0.0-20260507185723-d6d010701b3d h1:G+a2zipSnrqnEE7ZfLLaSA99sux6iHTL0QDUHh4P3jE=
github.com/yoanm/go-deps-diff v0.0.0-20260507185723-d6d010701b3d/go.mod h1:56c4pYrQnor6fAmmDscep1SVab1k7SeSJro4QDHpTbY=
github.com/yoanm/go-deps-diff v0.0.0-20260508091753-ea4492c66374 h1:+fuSkjT7SsfacvO4osdwJOl0VxnP82Cwjy9mhDWlPG0=
github.com/yoanm/go-deps-diff v0.0.0-20260508091753-ea4492c66374/go.mod h1:56c4pYrQnor6fAmmDscep1SVab1k7SeSJro4QDHpTbY=
